
Microsoft Visual Studio Solution File, Format Version 12.00
# Visual Studio Version 17
VisualStudioVersion = 17.10.34928.147
MinimumVisualStudioVersion = 10.0.40219.1
Project("{FAE04EC0-301F-11D3-BF4B-00C04F79EFBC}") = "TodoList", "TodoList\TodoList.csproj", "{3BB09A97-8D78-4CC0-9FC7-4D211E65623D}"
EndProject
Global
	GlobalSection(SolutionConfigurationPlatforms) = preSolution
		Debug|Any CPU = Debug|Any CPU
		Release|Any CPU = Release|Any CPU
	EndGlobalSection
	GlobalSection(ProjectConfigurationPlatforms) = postSolution
		{3BB09A97-8D78-4CC0-9FC7-4D211E65623D}.Debug|Any CPU.ActiveCfg = Debug|Any CPU
		{3BB09A97-8D78-4CC0-9FC7-4D211E65623D}.Debug|Any CPU.Build.0 = Debug|Any CPU
		{3BB09A97-8D78-4CC0-9FC7-4D211E65623D}.Release|Any CPU.ActiveCfg = Release|Any CPU
		{3BB09A97-8D78-4CC0-9FC7-4D211E65623D}.Release|Any CPU.Build.0 = Release|Any CPU
	EndGlobalSection
	GlobalSection(SolutionProperties) = preSolution
		HideSolutionNode = FALSE
	EndGlobalSection
	GlobalSection(ExtensibilityGlobals) = postSolution
		SolutionGuid = {2526C43A-2B56-4035-8551-774D8DA5AA6E}
	EndGlobalSection
EndGlobal
